
Microsoft Visual Studio Solution File, Format Version 12.00
# Visual Studio Version 16
VisualStudioVersion = 16.0.30320.27
MinimumVisualStudioVersion = 10.0.40219.1
Project("{FAE04EC0-301F-11D3-BF4B-00C04F79EFBC}") = "TC_SOA_cmd", "TC_SOA4MSSQL\TC_SOA_cmd.csproj", "{D26C0D4C-D205-46A1-AC29-68D5A41F7F32}"
EndProject
Project("{FAE04EC0-301F-11D3-BF4B-00C04F79EFBC}") = "TCSOA4MSSQL", "TCSOA4MSSQL_cmd\TCSOA4MSSQL.csproj", "{8F14667D-892A-4FD5-9753-070F1C201DB3}"
EndProject
Global
	GlobalSection(SolutionConfigurationPlatforms) = preSolution
		Debug|Any CPU = Debug|Any CPU
		Debug|x64 = Debug|x64
		Debug|x86 = Debug|x86
		Release|Any CPU = Release|Any CPU
		Release|x64 = Release|x64
		Release|x86 = Release|x86
	EndGlobalSection
	GlobalSection(ProjectConfigurationPlatforms) = postSolution
		{D26C0D4C-D205-46A1-AC29-68D5A41F7F32}.Debug|Any CPU.ActiveCfg = Debug|Any CPU
		{D26C0D4C-D205-46A1-AC29-68D5A41F7F32}.Debug|Any CPU.Build.0 = Debug|Any CPU
		{D26C0D4C-D205-46A1-AC29-68D5A41F7F32}.Debug|x64.ActiveCfg = Debug|x64
		{D26C0D4C-D205-46A1-AC29-68D5A41F7F32}.Debug|x64.Build.0 = Debug|x64
		{D26C0D4C-D205-46A1-AC29-68D5A41F7F32}.Debug|x86.ActiveCfg = Debug|x86
		{D26C0D4C-D205-46A1-AC29-68D5A41F7F32}.Debug|x86.Build.0 = Debug|x86
		{D26C0D4C-D205-46A1-AC29-68D5A41F7F32}.Release|Any CPU.ActiveCfg = Release|Any CPU
		{D26C0D4C-D205-46A1-AC29-68D5A41F7F32}.Release|Any CPU.Build.0 = Release|Any CPU
		{D26C0D4C-D205-46A1-AC29-68D5A41F7F32}.Release|x64.ActiveCfg = Release|x64
		{D26C0D4C-D205-46A1-AC29-68D5A41F7F32}.Release|x64.Build.0 = Release|x64
		{D26C0D4C-D205-46A1-AC29-68D5A41F7F32}.Release|x86.ActiveCfg = Release|x86
		{D26C0D4C-D205-46A1-AC29-68D5A41F7F32}.Release|x86.Build.0 = Release|x86
		{8F14667D-892A-4FD5-9753-070F1C201DB3}.Debug|Any CPU.ActiveCfg = Debug|Any CPU
		{8F14667D-892A-4FD5-9753-070F1C201DB3}.Debug|Any CPU.Build.0 = Debug|Any CPU
		{8F14667D-892A-4FD5-9753-070F1C201DB3}.Debug|x64.ActiveCfg = Debug|Any CPU
		{8F14667D-892A-4FD5-9753-070F1C201DB3}.Debug|x64.Build.0 = Debug|Any CPU
		{8F14667D-892A-4FD5-9753-070F1C201DB3}.Debug|x86.ActiveCfg = Debug|Any CPU
		{8F14667D-892A-4FD5-9753-070F1C201DB3}.Release|Any CPU.ActiveCfg = Release|Any CPU
		{8F14667D-892A-4FD5-9753-070F1C201DB3}.Release|Any CPU.Build.0 = Release|Any CPU
		{8F14667D-892A-4FD5-9753-070F1C201DB3}.Release|x64.ActiveCfg = Release|Any CPU
		{8F14667D-892A-4FD5-9753-070F1C201DB3}.Release|x64.Build.0 = Release|Any CPU
		{8F14667D-892A-4FD5-9753-070F1C201DB3}.Release|x86.ActiveCfg = Release|Any CPU
		{8F14667D-892A-4FD5-9753-070F1C201DB3}.Release|x86.Build.0 = Release|Any CPU
	EndGlobalSection
	GlobalSection(SolutionProperties) = preSolution
		HideSolutionNode = FALSE
	EndGlobalSection
	GlobalSection(ExtensibilityGlobals) = postSolution
		SolutionGuid = {C818EEAE-6112-41E8-9FB2-60EBE9C55C01}
	EndGlobalSection
EndGlobal
